
Microsoft Visual Studio Solution File, Format Version 12.00
Project("{FAE04EC0-301F-11D3-BF4B-00C04F79EFBC}") = "DemoExample", "DemoExample\DemoExample.csproj", "{4BC87507-3964-4568-BFDA-40474A4E2C2A}"
EndProject
Global
	GlobalSection(SolutionConfigurationPlatforms) = preSolution
		Debug|Any CPU = Debug|Any CPU
		Release|Any CPU = Release|Any CPU
	EndGlobalSection
	GlobalSection(ProjectConfigurationPlatforms) = postSolution
		{4BC87507-3964-4568-BFDA-40474A4E2C2A}.Debug|Any CPU.ActiveCfg = Debug|Any CPU
		{4BC87507-3964-4568-BFDA-40474A4E2C2A}.Debug|Any CPU.Build.0 = Debug|Any CPU
		{4BC87507-3964-4568-BFDA-40474A4E2C2A}.Release|Any CPU.ActiveCfg = Release|Any CPU
		{4BC87507-3964-4568-BFDA-40474A4E2C2A}.Release|Any CPU.Build.0 = Release|Any CPU
	EndGlobalSection
EndGlobal
